
Microsoft Visual Studio Solution File, Format Version 12.00
# Visual Studio 2012
Project("{FAE04EC0-301F-11D3-BF4B-00C04F79EFBC}") = "scalarm_client_csharp", "scalarm_client_csharp\scalarm_client_csharp.csproj", "{AC52A725-90C8-4742-AB35-C221297EE872}"
EndProject
Project("{FAE04EC0-301F-11D3-BF4B-00C04F79EFBC}") = "scalarm_client_csharp_app", "scalarm_client_csharp_app\scalarm_client_csharp_app.csproj", "{132ECB36-90A9-4FE8-987D-9CDD6D5FE153}"
EndProject
Project("{FAE04EC0-301F-11D3-BF4B-00C04F79EFBC}") = "scalarm_client_csharp_tests", "scalarm_client_csharp_tests\scalarm_client_csharp_tests.csproj", "{0411FD69-46F7-4B36-BF3F-81BBA9353A33}"
EndProject
Project("{2150E333-8FDC-42A3-9474-1A3956D46DE8}") = ".nuget", ".nuget", "{51043BD1-48FD-466A-826D-D4CBB70D920C}"
	ProjectSection(SolutionItems) = preProject
		.nuget\packages.config = .nuget\packages.config
	EndProjectSection
EndProject
Global
	GlobalSection(SolutionConfigurationPlatforms) = preSolution
		Debug|x86 = Debug|x86
		Release|x86 = Release|x86
	EndGlobalSection
	GlobalSection(ProjectConfigurationPlatforms) = postSolution
		{0411FD69-46F7-4B36-BF3F-81BBA9353A33}.Debug|x86.ActiveCfg = Debug|Any CPU
		{0411FD69-46F7-4B36-BF3F-81BBA9353A33}.Debug|x86.Build.0 = Debug|Any CPU
		{0411FD69-46F7-4B36-BF3F-81BBA9353A33}.Release|x86.ActiveCfg = Release|Any CPU
		{0411FD69-46F7-4B36-BF3F-81BBA9353A33}.Release|x86.Build.0 = Release|Any CPU
		{132ECB36-90A9-4FE8-987D-9CDD6D5FE153}.Debug|x86.ActiveCfg = Debug|x86
		{132ECB36-90A9-4FE8-987D-9CDD6D5FE153}.Debug|x86.Build.0 = Debug|x86
		{132ECB36-90A9-4FE8-987D-9CDD6D5FE153}.Release|x86.ActiveCfg = Release|x86
		{132ECB36-90A9-4FE8-987D-9CDD6D5FE153}.Release|x86.Build.0 = Release|x86
		{AC52A725-90C8-4742-AB35-C221297EE872}.Debug|x86.ActiveCfg = Debug|x86
		{AC52A725-90C8-4742-AB35-C221297EE872}.Debug|x86.Build.0 = Debug|x86
		{AC52A725-90C8-4742-AB35-C221297EE872}.Release|x86.ActiveCfg = Release|x86
		{AC52A725-90C8-4742-AB35-C221297EE872}.Release|x86.Build.0 = Release|x86
	EndGlobalSection
	GlobalSection(NestedProjects) = preSolution
	EndGlobalSection
	GlobalSection(MonoDevelopProperties) = preSolution
		StartupItem = scalarm_client_csharp_app\scalarm_client_csharp_app.csproj
	EndGlobalSection
	GlobalSection(SolutionProperties) = preSolution
		HideSolutionNode = FALSE
	EndGlobalSection
EndGlobal
